<?xml version="1.0" encoding="utf-8"?>
<Project ToolsVersion="4.0" xmlns="http://schemas.microsoft.com/developer/msbuild/2003">
  <ItemGroup>
    <Filter Include="Source Files">
      <UniqueIdentifier>{4FC737F1-C7A5-4376-A066-2A32D752A2FF}</UniqueIdentifier>
      <Extensions>cpp;c;cc;cxx;def;odl;idl;hpj;bat;asm;asmx</Extensions>
    </Filter>
    <Filter Include="Header Files">
      <UniqueIdentifier>{93995380-89BD-4b04-88EB-625FBE52EBFB}</UniqueIdentifier>
      <Extensions>h;hh;hpp;hxx;hm;inl;inc;xsd</Extensions>
    </Filter>
    <Filter Include="Resource Files">
      <UniqueIdentifier>{67DA6AB6-F800-4c08-8B7A-83BB121AAD01}</UniqueIdentifier>
      <Extensions>rc;ico;cur;bmp;dlg;rc2;rct;bin;rgs;gif;jpg;jpeg;jpe;resx;tiff;tif;png;wav;mfcribbon-ms</Extensions>
    </Filter>
    <Filter Include="Shaders">
      <UniqueIdentifier>{e8969631-d3ee-4568-8232-8d9246faad18}</UniqueIdentifier>
    </Filter>
    <Filter Include="BSDFs">
      <UniqueIdentifier>{49536a0e-9ce5-4633-a861-43f310fec26b}</UniqueIdentifier>
    </Filter>
    <Filter Include="BVH">
      <UniqueIdentifier>{59156f9e-ce37-413a-82ca-b217d067fa3b}</UniqueIdentifier>
    </Filter>
    <Filter Include="Primitives">
      <UniqueIdentifier>{06486290-91d7-40a1-abac-babed35eb4fc}</UniqueIdentifier>
    </Filter>
    <Filter Include="Geometries">
      <UniqueIdentifier>{8c396d3c-c247-4939-9d49-c1ae27a98849}</UniqueIdentifier>
    </Filter>
    <Filter Include="Texture">
      <UniqueIdentifier>{3a1df88b-cc49-4757-ba65-47b3a36fb801}</UniqueIdentifier>
    </Filter>
  </ItemGroup>
  <ItemGroup>
    <ClCompile Include="Source.cpp">
      <Filter>Source Files</Filter>
    </ClCompile>
    <ClCompile Include="Display.cpp">
      <Filter>Source Files</Filter>
    </ClCompile>
    <ClCompile Include="TileManager.cpp">
      <Filter>Source Files</Filter>
    </ClCompile>
    <ClCompile Include="Scene.cpp">
      <Filter>Source Files</Filter>
    </ClCompile>
    <ClCompile Include="Camera.cpp">
      <Filter>Source Files</Filter>
    </ClCompile>
    <ClCompile Include="Lambert.cpp">
      <Filter>BSDFs</Filter>
    </ClCompile>
    <ClCompile Include="Material.cpp">
      <Filter>BSDFs</Filter>
    </ClCompile>
    <ClCompile Include="Glossy.cpp">
      <Filter>BSDFs</Filter>
    </ClCompile>
    <ClCompile Include="Glass.cpp">
      <Filter>BSDFs</Filter>
    </ClCompile>
    <ClCompile Include="Light.cpp">
      <Filter>BSDFs</Filter>
    </ClCompile>
    <ClCompile Include="naiveBVH.cpp">
      <Filter>BVH</Filter>
    </ClCompile>
    <ClCompile Include="AABB.cpp">
      <Filter>BVH</Filter>
    </ClCompile>
    <ClCompile Include="Primitive.cpp">
      <Filter>Primitives</Filter>
    </ClCompile>
    <ClCompile Include="Sphere.cpp">
      <Filter>Primitives</Filter>
    </ClCompile>
    <ClCompile Include="Triangle.cpp">
      <Filter>Primitives</Filter>
    </ClCompile>
    <ClCompile Include="Database.cpp">
      <Filter>Source Files</Filter>
    </ClCompile>
    <ClCompile Include="Geometry.cpp">
      <Filter>Geometries</Filter>
    </ClCompile>
    <ClCompile Include="CubeGeometry.cpp">
      <Filter>Geometries</Filter>
    </ClCompile>
    <ClCompile Include="CornellBoxGeometry.cpp">
      <Filter>Geometries</Filter>
    </ClCompile>
    <ClCompile Include="PlaneGeometry.cpp">
      <Filter>Geometries</Filter>
    </ClCompile>
    <ClCompile Include="TextureManager.cpp">
      <Filter>Texture</Filter>
    </ClCompile>
    <ClCompile Include="TexturePerlin.cpp">
      <Filter>Texture</Filter>
    </ClCompile>
  </ItemGroup>
  <ItemGroup>
    <ClInclude Include="Display.h">
      <Filter>Header Files</Filter>
    </ClInclude>
    <ClInclude Include="Shader.h">
      <Filter>Header Files</Filter>
    </ClInclude>
    <ClInclude Include="TileManager.h">
      <Filter>Header Files</Filter>
    </ClInclude>
    <ClInclude Include="Scene.h">
      <Filter>Header Files</Filter>
    </ClInclude>
    <ClInclude Include="Camera.h">
      <Filter>Header Files</Filter>
    </ClInclude>
    <ClInclude Include="Ray.h">
      <Filter>Header Files</Filter>
    </ClInclude>
    <ClInclude Include="common_math.h">
      <Filter>Header Files</Filter>
    </ClInclude>
    <ClInclude Include="Lambert.h">
      <Filter>BSDFs</Filter>
    </ClInclude>
    <ClInclude Include="Material.h">
      <Filter>BSDFs</Filter>
    </ClInclude>
    <ClInclude Include="Glossy.h">
      <Filter>BSDFs</Filter>
    </ClInclude>
    <ClInclude Include="Glass.h">
      <Filter>BSDFs</Filter>
    </ClInclude>
    <ClInclude Include="Light.h">
      <Filter>BSDFs</Filter>
    </ClInclude>
    <ClInclude Include="naiveBVH.h">
      <Filter>BVH</Filter>
    </ClInclude>
    <ClInclude Include="AABB.h">
      <Filter>BVH</Filter>
    </ClInclude>
    <ClInclude Include="Primitive.h">
      <Filter>Primitives</Filter>
    </ClInclude>
    <ClInclude Include="Sphere.h">
      <Filter>Primitives</Filter>
    </ClInclude>
    <ClInclude Include="Triangle.h">
      <Filter>Primitives</Filter>
    </ClInclude>
    <ClInclude Include="Database.h">
      <Filter>Header Files</Filter>
    </ClInclude>
    <ClInclude Include="Geometry.h">
      <Filter>Geometries</Filter>
    </ClInclude>
    <ClInclude Include="CubeGeometry.h">
      <Filter>Geometries</Filter>
    </ClInclude>
    <ClInclude Include="CornellBoxGeometry.h">
      <Filter>Geometries</Filter>
    </ClInclude>
    <ClInclude Include="PlaneGeometry.h">
      <Filter>Geometries</Filter>
    </ClInclude>
    <ClInclude Include="TextureManager.h">
      <Filter>Texture</Filter>
    </ClInclude>
    <ClInclude Include="TexturePerlin.h">
      <Filter>Texture</Filter>
    </ClInclude>
  </ItemGroup>
  <ItemGroup>
    <None Include="displayf.glsl">
      <Filter>Shaders</Filter>
    </None>
    <None Include="displayv.glsl">
      <Filter>Shaders</Filter>
    </None>
  </ItemGroup>
</Project>